{
  "originHash" : "48ec91cc97b01321b02bad74eeaf1c1f32dcbf9fef607f228b60879b7b92dc90",
  "pins" : [
    {
      "identity" : "tbcommon",
      "kind" : "remoteSourceControl",
      "location" : "https://github.com/twistybits2300/TBCommon.git",
      "state" : {
        "branch" : "main",
        "revision" : "4bc3628bcc96cb0dd90780b282fd8fcc96554ccd"
      }
    }
  ],
  "version" : 3
}
